
Microsoft Visual Studio Solution File, Format Version 12.00
# Visual Studio Version 17
VisualStudioVersion = 17.14.36401.2
MinimumVisualStudioVersion = 10.0.40219.1
Project("{FAE04EC0-301F-11D3-BF4B-00C04F79EFBC}") = "cosmoScreen", "cosmoScreen\cosmoScreen.csproj", "{62313E81-0958-46F9-B4EB-FD1DE59FEC9E}"
EndProject
Project("{54435603-DBB4-11D2-8724-00A0C9A8B90C}") = "cosmoscreenSetup", "cosmoscreenSetup\cosmoscreenSetup.vdproj", "{2B0B4F6C-A56B-F253-0FD0-EEED20375B97}"
EndProject
Global
	GlobalSection(SolutionConfigurationPlatforms) = preSolution
		Debug|Any CPU = Debug|Any CPU
		Release|Any CPU = Release|Any CPU
	EndGlobalSection
	GlobalSection(ProjectConfigurationPlatforms) = postSolution
		{62313E81-0958-46F9-B4EB-FD1DE59FEC9E}.Debug|Any CPU.ActiveCfg = Debug|Any CPU
		{62313E81-0958-46F9-B4EB-FD1DE59FEC9E}.Debug|Any CPU.Build.0 = Debug|Any CPU
		{62313E81-0958-46F9-B4EB-FD1DE59FEC9E}.Release|Any CPU.ActiveCfg = Release|Any CPU
		{62313E81-0958-46F9-B4EB-FD1DE59FEC9E}.Release|Any CPU.Build.0 = Release|Any CPU
		{2B0B4F6C-A56B-F253-0FD0-EEED20375B97}.Debug|Any CPU.ActiveCfg = Debug
		{2B0B4F6C-A56B-F253-0FD0-EEED20375B97}.Release|Any CPU.ActiveCfg = Release
	EndGlobalSection
	GlobalSection(SolutionProperties) = preSolution
		HideSolutionNode = FALSE
	EndGlobalSection
	GlobalSection(ExtensibilityGlobals) = postSolution
		SolutionGuid = {1F05BED7-B814-412C-80FD-C7BB6BCBE418}
	EndGlobalSection
EndGlobal
